{
  "version": 4,
  "terraform_version": "0.14.8",
  "serial": 120,
  "lineage": "505cead0-839a-6da3-7cec-d69ee1fe3b1d",
  "outputs": {},
  "resources": [
    {
      "mode": "managed",
      "type": "linode_instance",
      "name": "filecoin_node",
      "provider": "provider[\"registry.terraform.io/linode/linode\"]",
      "instances": [
        {
          "schema_version": 0,
          "attributes": {
            "alerts": [
              {
                "cpu": 360,
                "io": 10000,
                "network_in": 10,
                "network_out": 10,
                "transfer_quota": 80
              }
            ],
            "authorized_keys": [
              "ssh-rsa AAAAB3NzaC1yc2EAAAADAQABAAABgQCv5eXzXsHajVnC/O1SiWiYz/u4XlPWyzUkqU+q560XVYaMDjv27tdZOcjIppIMYPPUXuEbCEvq+vJ6XcRdreXJ7nJ9ZP359T0xpDlYwpcWm3W+IIqL7AP8WWXZSlwKDnoHcu5c2CHKPWcV3N+ZMYtHkBStZRpMvyZ1+laBOUuIWEOqkZq5UZy0FRYviZgxiZ7Zv7eJuNp+u94snhRPP+2ufMpIvsz8YIVEyfmHI2VsEY89MKRjqoFIrF2i/uE0VTfjwH118JRioFl5wVM2Igdp+sGI7GsXaNKs2Q20vWqtC82Cl5AgXgnbA1LMOCJoRLr1MwQE6sAeLHK+XypKTzvV8fky+7cHGXgAdzTCzuc/VaShC5hvB4urz5e80MLrOSStEFrki/yGPE5f68+5PYRthWU8Eskfg4OptvrcAL13jrh0b1mSRlIIyF5aglcMxWIsKyS74OxBh0Vf7l6CxiuO3FCBzg6HaZeLObx4MvEhxqGCShv2TtRZmsUjzXXtAlc= paulius@paulius-MS-7B85"
            ],
            "authorized_users": null,
            "backup_id": null,
            "backups": [
              {
                "enabled": false,
                "schedule": [
                  {
                    "day": "",
                    "window": ""
                  }
                ]
              }
            ],
            "backups_enabled": null,
            "boot_config_label": "My Ubuntu 18.04 LTS Disk Profile",
            "config": [
              {
                "comments": "",
                "devices": [
                  {
                    "sda": [
                      {
                        "disk_id": 59332811,
                        "disk_label": "Ubuntu 18.04 LTS Disk",
                        "volume_id": 0
                      }
                    ],
                    "sdb": [
                      {
                        "disk_id": 59332812,
                        "disk_label": "512 MB Swap Image",
                        "volume_id": 0
                      }
                    ],
                    "sdc": [],
                    "sdd": [],
                    "sde": [],
                    "sdf": [],
                    "sdg": [],
                    "sdh": []
                  }
                ],
                "helpers": [
                  {
                    "devtmpfs_automount": true,
                    "distro": true,
                    "modules_dep": true,
                    "network": true,
                    "updatedb_disabled": true
                  }
                ],
                "kernel": "linode/grub2",
                "label": "My Ubuntu 18.04 LTS Disk Profile",
                "memory_limit": 0,
                "root_device": "/dev/sda",
                "run_level": "default",
                "virt_mode": "paravirt"
              }
            ],
            "disk": [
              {
                "authorized_keys": [],
                "authorized_users": [],
                "filesystem": "ext4",
                "id": 59332811,
                "image": "",
                "label": "Ubuntu 18.04 LTS Disk",
                "read_only": false,
                "root_pass": "",
                "size": 163328,
                "stackscript_data": {},
                "stackscript_id": 0
              },
              {
                "authorized_keys": [],
                "authorized_users": [],
                "filesystem": "swap",
                "id": 59332812,
                "image": "",
                "label": "512 MB Swap Image",
                "read_only": false,
                "root_pass": "",
                "size": 512,
                "stackscript_data": {},
                "stackscript_id": 0
              }
            ],
            "group": "terraform",
            "id": "29379417",
            "image": "linode/ubuntu18.04",
            "ip_address": "172.104.253.63",
            "ipv4": [
              "172.104.253.63"
            ],
            "ipv6": "2a01:7e01::f03c:92ff:fe6c:6fc5/128",
            "label": "filecoin-node",
            "private_ip": false,
            "private_ip_address": null,
            "region": "eu-central",
            "root_pass": "WZLcZYLoeIlJ53t+ganxlpAafkdYTC2pRIVITTNQI5+WyoaVHQ/lNX70p62jk6a4bWuq/AMvi9Z5oMQh0QBs/A==",
            "specs": [
              {
                "disk": 163840,
                "memory": 8192,
                "transfer": 5000,
                "vcpus": 4
              }
            ],
            "stackscript_data": null,
            "stackscript_id": null,
            "status": "running",
            "swap_size": 512,
            "tags": null,
            "timeouts": null,
            "type": "g6-standard-4",
            "watchdog_enabled": true
          },
          "sensitive_attributes": [],
          "private": "eyJlMmJmYjczMC1lY2FhLTExZTYtOGY4OC0zNDM2M2JjN2M0YzAiOnsiY3JlYXRlIjo2MDAwMDAwMDAwMDAsImRlbGV0ZSI6NjAwMDAwMDAwMDAwLCJ1cGRhdGUiOjEyMDAwMDAwMDAwMDB9fQ==",
          "dependencies": [
            "random_password.linode_root_password"
          ]
        }
      ]
    },
    {
      "mode": "managed",
      "type": "linode_instance",
      "name": "monitoring",
      "provider": "provider[\"registry.terraform.io/linode/linode\"]",
      "instances": [
        {
          "schema_version": 0,
          "attributes": {
            "alerts": [
              {
                "cpu": 360,
                "io": 10000,
                "network_in": 10,
                "network_out": 10,
                "transfer_quota": 80
              }
            ],
            "authorized_keys": [
              "ssh-rsa AAAAB3NzaC1yc2EAAAADAQABAAABgQCv5eXzXsHajVnC/O1SiWiYz/u4XlPWyzUkqU+q560XVYaMDjv27tdZOcjIppIMYPPUXuEbCEvq+vJ6XcRdreXJ7nJ9ZP359T0xpDlYwpcWm3W+IIqL7AP8WWXZSlwKDnoHcu5c2CHKPWcV3N+ZMYtHkBStZRpMvyZ1+laBOUuIWEOqkZq5UZy0FRYviZgxiZ7Zv7eJuNp+u94snhRPP+2ufMpIvsz8YIVEyfmHI2VsEY89MKRjqoFIrF2i/uE0VTfjwH118JRioFl5wVM2Igdp+sGI7GsXaNKs2Q20vWqtC82Cl5AgXgnbA1LMOCJoRLr1MwQE6sAeLHK+XypKTzvV8fky+7cHGXgAdzTCzuc/VaShC5hvB4urz5e80MLrOSStEFrki/yGPE5f68+5PYRthWU8Eskfg4OptvrcAL13jrh0b1mSRlIIyF5aglcMxWIsKyS74OxBh0Vf7l6CxiuO3FCBzg6HaZeLObx4MvEhxqGCShv2TtRZmsUjzXXtAlc= paulius@paulius-MS-7B85"
            ],
            "authorized_users": null,
            "backup_id": null,
            "backups": [
              {
                "enabled": false,
                "schedule": [
                  {
                    "day": "",
                    "window": ""
                  }
                ]
              }
            ],
            "backups_enabled": null,
            "boot_config_label": "My Ubuntu 18.04 LTS Disk Profile",
            "config": [
              {
                "comments": "",
                "devices": [
                  {
                    "sda": [
                      {
                        "disk_id": 59332813,
                        "disk_label": "Ubuntu 18.04 LTS Disk",
                        "volume_id": 0
                      }
                    ],
                    "sdb": [
                      {
                        "disk_id": 59332814,
                        "disk_label": "512 MB Swap Image",
                        "volume_id": 0
                      }
                    ],
                    "sdc": [],
                    "sdd": [],
                    "sde": [],
                    "sdf": [],
                    "sdg": [],
                    "sdh": []
                  }
                ],
                "helpers": [
                  {
                    "devtmpfs_automount": true,
                    "distro": true,
                    "modules_dep": true,
                    "network": true,
                    "updatedb_disabled": true
                  }
                ],
                "kernel": "linode/grub2",
                "label": "My Ubuntu 18.04 LTS Disk Profile",
                "memory_limit": 0,
                "root_device": "/dev/sda",
                "run_level": "default",
                "virt_mode": "paravirt"
              }
            ],
            "disk": [
              {
                "authorized_keys": [],
                "authorized_users": [],
                "filesystem": "ext4",
                "id": 59332813,
                "image": "",
                "label": "Ubuntu 18.04 LTS Disk",
                "read_only": false,
                "root_pass": "",
                "size": 163328,
                "stackscript_data": {},
                "stackscript_id": 0
              },
              {
                "authorized_keys": [],
                "authorized_users": [],
                "filesystem": "swap",
                "id": 59332814,
                "image": "",
                "label": "512 MB Swap Image",
                "read_only": false,
                "root_pass": "",
                "size": 512,
                "stackscript_data": {},
                "stackscript_id": 0
              }
            ],
            "group": "terraform",
            "id": "29379418",
            "image": "linode/ubuntu18.04",
            "ip_address": "172.104.253.70",
            "ipv4": [
              "172.104.253.70"
            ],
            "ipv6": "2a01:7e01::f03c:92ff:fe6c:6f71/128",
            "label": "monitoring",
            "private_ip": false,
            "private_ip_address": null,
            "region": "eu-central",
            "root_pass": "WZLcZYLoeIlJ53t+ganxlpAafkdYTC2pRIVITTNQI5+WyoaVHQ/lNX70p62jk6a4bWuq/AMvi9Z5oMQh0QBs/A==",
            "specs": [
              {
                "disk": 163840,
                "memory": 8192,
                "transfer": 5000,
                "vcpus": 4
              }
            ],
            "stackscript_data": null,
            "stackscript_id": null,
            "status": "running",
            "swap_size": 512,
            "tags": null,
            "timeouts": null,
            "type": "g6-standard-4",
            "watchdog_enabled": true
          },
          "sensitive_attributes": [],
          "private": "eyJlMmJmYjczMC1lY2FhLTExZTYtOGY4OC0zNDM2M2JjN2M0YzAiOnsiY3JlYXRlIjo2MDAwMDAwMDAwMDAsImRlbGV0ZSI6NjAwMDAwMDAwMDAwLCJ1cGRhdGUiOjEyMDAwMDAwMDAwMDB9fQ==",
          "dependencies": [
            "random_password.linode_root_password"
          ]
        }
      ]
    },
    {
      "mode": "managed",
      "type": "local_file",
      "name": "ansible_inventory",
      "provider": "provider[\"registry.terraform.io/hashicorp/local\"]",
      "instances": [
        {
          "schema_version": 0,
          "attributes": {
            "content": "[monitoring]\n172.104.253.70 ansible_user=root\n\n[node]\n172.104.253.63 ansible_user=root",
            "content_base64": null,
            "directory_permission": "0777",
            "file_permission": "0777",
            "filename": "../ansible/inventory.yml",
            "id": "ab83c33d8584bbfccb9ccc1347c7fec79d707605",
            "sensitive_content": null,
            "source": null
          },
          "sensitive_attributes": [],
          "private": "bnVsbA==",
          "dependencies": [
            "linode_instance.filecoin_node",
            "linode_instance.monitoring",
            "random_password.linode_root_password"
          ]
        }
      ]
    },
    {
      "mode": "managed",
      "type": "random_password",
      "name": "linode_root_password",
      "provider": "provider[\"registry.terraform.io/hashicorp/random\"]",
      "instances": [
        {
          "schema_version": 0,
          "attributes": {
            "id": "none",
            "keepers": null,
            "length": 16,
            "lower": true,
            "min_lower": 0,
            "min_numeric": 0,
            "min_special": 0,
            "min_upper": 0,
            "number": true,
            "override_special": "_%@",
            "result": "IYloEtMSUY%LeeKY",
            "special": true,
            "upper": true
          },
          "sensitive_attributes": [],
          "private": "bnVsbA=="
        }
      ]
    }
  ]
}
